PackratFormat: 1.4
PackratVersion: 0.5.0
RVersion: 3.6.0
Repos: CRAN=https://ftp.gwdg.de/pub/misc/cran

Package: R6
Source: CRAN
Version: 2.4.0
Hash: 948a547c484e5bea15eee76cc53cce3f

Package: askpass
Source: CRAN
Version: 1.1
Hash: 6f6c430e3cd0dd7d48f447700f4d7e7f
Requires: sys

Package: curl
Source: CRAN
Version: 3.3
Hash: b201f64e6e1469e8a3571c746ffa9059

Package: httr
Source: CRAN
Version: 1.4.0
Hash: 62d62d3ffcc9a34411b6e35a813f72dd
Requires: R6, curl, jsonlite, mime, openssl

Package: jsonlite
Source: CRAN
Version: 1.6
Hash: 5f969e213e966135393e3e304abf3f49

Package: mime
Source: CRAN
Version: 0.7
Hash: 0d7563caf453c231b6f8c359c51eecc2

Package: openssl
Source: CRAN
Version: 1.4
Hash: c43b4ae77086cc4dc4c639fa1d7343dd
Requires: askpass

Package: packrat
Source: CRAN
Version: 0.5.0
Hash: 498643e765d1442ba7b1160a1df3abf9

Package: sys
Source: CRAN
Version: 3.2
Hash: aaa3f56d4255306a32ea30df8ef63901
